
Microsoft Visual Studio Solution File, Format Version 11.00
# Visual Studio Version 16

Project("{8BC9CEB8-8B4A-11D0-8D11-00A0C91BC942}") = "PreAmp - Standalone Plugin", "PreAmp_StandalonePlugin.vcxproj", "{D9E82120-9D2C-A823-43CF-B04BFCC92756}"
	ProjectSection(ProjectDependencies) = postProject
		{16F1B8E3-D784-C753-2A4D-971635F5729D} = {16F1B8E3-D784-C753-2A4D-971635F5729D}
	EndProjectSection
EndProject
Project("{8BC9CEB8-8B4A-11D0-8D11-00A0C91BC942}") = "PreAmp - VST3", "PreAmp_VST3.vcxproj", "{8E3A5847-1AC7-636E-7952-E6EECDD8BEC4}"
	ProjectSection(ProjectDependencies) = postProject
		{16F1B8E3-D784-C753-2A4D-971635F5729D} = {16F1B8E3-D784-C753-2A4D-971635F5729D}
	EndProjectSection
EndProject
Project("{8BC9CEB8-8B4A-11D0-8D11-00A0C91BC942}") = "PreAmp - Shared Code", "PreAmp_SharedCode.vcxproj", "{16F1B8E3-D784-C753-2A4D-971635F5729D}"
EndProject
Global
	GlobalSection(SolutionConfigurationPlatforms) = preSolution
		Debug|x64 = Debug|x64
		Release|x64 = Release|x64
	EndGlobalSection
	GlobalSection(ProjectConfigurationPlatforms) = postSolution
		{8E3A5847-1AC7-636E-7952-E6EECDD8BEC4}.Debug|x64.ActiveCfg = Debug|x64
		{8E3A5847-1AC7-636E-7952-E6EECDD8BEC4}.Debug|x64.Build.0 = Debug|x64
		{8E3A5847-1AC7-636E-7952-E6EECDD8BEC4}.Release|x64.ActiveCfg = Release|x64
		{8E3A5847-1AC7-636E-7952-E6EECDD8BEC4}.Release|x64.Build.0 = Release|x64
		{D9E82120-9D2C-A823-43CF-B04BFCC92756}.Debug|x64.ActiveCfg = Debug|x64
		{D9E82120-9D2C-A823-43CF-B04BFCC92756}.Debug|x64.Build.0 = Debug|x64
		{D9E82120-9D2C-A823-43CF-B04BFCC92756}.Release|x64.ActiveCfg = Release|x64
		{D9E82120-9D2C-A823-43CF-B04BFCC92756}.Release|x64.Build.0 = Release|x64
		{16F1B8E3-D784-C753-2A4D-971635F5729D}.Debug|x64.ActiveCfg = Debug|x64
		{16F1B8E3-D784-C753-2A4D-971635F5729D}.Debug|x64.Build.0 = Debug|x64
		{16F1B8E3-D784-C753-2A4D-971635F5729D}.Release|x64.ActiveCfg = Release|x64
		{16F1B8E3-D784-C753-2A4D-971635F5729D}.Release|x64.Build.0 = Release|x64
	EndGlobalSection
	GlobalSection(SolutionProperties) = preSolution
		HideSolutionNode = FALSE
	EndGlobalSection
EndGlobal
